{
  "name": "my-node-app",
  "lockfileVersion": 1,
  "requires": true,
  "dependencies": {
    "express": {
      "version": "4.17.1",
      "resolved": "https://registry.npmjs.org/express/-/express-4.17.1.tgz",
      "integrity": "sha512-...[integrity hash]",
      "dev": false,
      "requires": {
        "accepts": "~1.3.7",
        "...
      }
    },
    "body-parser": {
      "version": "1.19.0",
      "resolved": "https://registry.npmjs.org/body-parser/-/body-parser-1.19.0.tgz",
      "integrity": "sha512-...[integrity hash]",
      "dev": false,
      "requires": {
        "bytes": "3.0.0",
        "...
      }
    }
  }
}

